
Microsoft Visual Studio Solution File, Format Version 12.00
# Visual Studio Version 17
VisualStudioVersion = 17.4.33213.308
MinimumVisualStudioVersion = 10.0.40219.1
Project("{FAE04EC0-301F-11D3-BF4B-00C04F79EFBC}") = "Ouvidoria", "Ouvidoria\Ouvidoria.csproj", "{ABCFB8EE-085F-4A9E-9AEB-D064DD4D44C5}"
EndProject
Global
	GlobalSection(SolutionConfigurationPlatforms) = preSolution
		Debug|Any CPU = Debug|Any CPU
		Release|Any CPU = Release|Any CPU
	EndGlobalSection
	GlobalSection(ProjectConfigurationPlatforms) = postSolution
		{ABCFB8EE-085F-4A9E-9AEB-D064DD4D44C5}.Debug|Any CPU.ActiveCfg = Debug|Any CPU
		{ABCFB8EE-085F-4A9E-9AEB-D064DD4D44C5}.Debug|Any CPU.Build.0 = Debug|Any CPU
		{ABCFB8EE-085F-4A9E-9AEB-D064DD4D44C5}.Release|Any CPU.ActiveCfg = Release|Any CPU
		{ABCFB8EE-085F-4A9E-9AEB-D064DD4D44C5}.Release|Any CPU.Build.0 = Release|Any CPU
	EndGlobalSection
	GlobalSection(SolutionProperties) = preSolution
		HideSolutionNode = FALSE
	EndGlobalSection
	GlobalSection(ExtensibilityGlobals) = postSolution
		SolutionGuid = {06C51CBF-5C4D-44EC-8943-DA83C9C02A20}
	EndGlobalSection
EndGlobal
